
Microsoft Visual Studio Solution File, Format Version 12.00
# Visual Studio Version 16
VisualStudioVersion = 16.0.28729.10
MinimumVisualStudioVersion = 10.0.40219.1
Project("{FAE04EC0-301F-11D3-BF4B-00C04F79EFBC}") = "WoWFileGuesser", "WoWFileGuesser\WoWFileGuesser.csproj", "{E4A5B499-2ACD-4124-A0E9-027D5210A6CA}"
EndProject
Project("{9A19103F-16F7-4668-BE54-9A1E7A4F7556}") = "RibbitMonitor", "RibbitMonitor\RibbitMonitor.csproj", "{4D29280B-5FB5-4FB2-BEB7-F73C60E2D466}"
EndProject
Project("{9A19103F-16F7-4668-BE54-9A1E7A4F7556}") = "Ribbit.NET", "Ribbit.NET\Ribbit.NET.csproj", "{3CBED528-129B-4B71-B545-E2381E243871}"
EndProject
Global
	GlobalSection(SolutionConfigurationPlatforms) = preSolution
		Debug|Any CPU = Debug|Any CPU
		Release|Any CPU = Release|Any CPU
	EndGlobalSection
	GlobalSection(ProjectConfigurationPlatforms) = postSolution
		{E4A5B499-2ACD-4124-A0E9-027D5210A6CA}.Debug|Any CPU.ActiveCfg = Debug|Any CPU
		{E4A5B499-2ACD-4124-A0E9-027D5210A6CA}.Debug|Any CPU.Build.0 = Debug|Any CPU
		{E4A5B499-2ACD-4124-A0E9-027D5210A6CA}.Release|Any CPU.ActiveCfg = Release|Any CPU
		{E4A5B499-2ACD-4124-A0E9-027D5210A6CA}.Release|Any CPU.Build.0 = Release|Any CPU
		{4D29280B-5FB5-4FB2-BEB7-F73C60E2D466}.Debug|Any CPU.ActiveCfg = Debug|Any CPU
		{4D29280B-5FB5-4FB2-BEB7-F73C60E2D466}.Debug|Any CPU.Build.0 = Debug|Any CPU
		{4D29280B-5FB5-4FB2-BEB7-F73C60E2D466}.Release|Any CPU.ActiveCfg = Release|Any CPU
		{4D29280B-5FB5-4FB2-BEB7-F73C60E2D466}.Release|Any CPU.Build.0 = Release|Any CPU
		{3CBED528-129B-4B71-B545-E2381E243871}.Debug|Any CPU.ActiveCfg = Debug|Any CPU
		{3CBED528-129B-4B71-B545-E2381E243871}.Debug|Any CPU.Build.0 = Debug|Any CPU
		{3CBED528-129B-4B71-B545-E2381E243871}.Release|Any CPU.ActiveCfg = Release|Any CPU
		{3CBED528-129B-4B71-B545-E2381E243871}.Release|Any CPU.Build.0 = Release|Any CPU
	EndGlobalSection
	GlobalSection(SolutionProperties) = preSolution
		HideSolutionNode = FALSE
	EndGlobalSection
	GlobalSection(ExtensibilityGlobals) = postSolution
		SolutionGuid = {8BD593C7-3D08-4387-B96A-60E659D98EFA}
	EndGlobalSection
EndGlobal
